
Microsoft Visual Studio Solution File, Format Version 12.00
# Visual Studio Version 16
VisualStudioVersion = 16.0.34407.143
MinimumVisualStudioVersion = 10.0.40219.1
Project("{FAE04EC0-301F-11D3-BF4B-00C04F79EFBC}") = "CSharp_DebugandoAplicacoes", "CSharp_DebugandoAplicacoes\CSharp_DebugandoAplicacoes.csproj", "{A8B61C1C-B028-4719-9186-CA3CA3CA718F}"
EndProject
Global
	GlobalSection(SolutionConfigurationPlatforms) = preSolution
		Debug|Any CPU = Debug|Any CPU
		Release|Any CPU = Release|Any CPU
	EndGlobalSection
	GlobalSection(ProjectConfigurationPlatforms) = postSolution
		{A8B61C1C-B028-4719-9186-CA3CA3CA718F}.Debug|Any CPU.ActiveCfg = Debug|Any CPU
		{A8B61C1C-B028-4719-9186-CA3CA3CA718F}.Debug|Any CPU.Build.0 = Debug|Any CPU
		{A8B61C1C-B028-4719-9186-CA3CA3CA718F}.Release|Any CPU.ActiveCfg = Release|Any CPU
		{A8B61C1C-B028-4719-9186-CA3CA3CA718F}.Release|Any CPU.Build.0 = Release|Any CPU
	EndGlobalSection
	GlobalSection(SolutionProperties) = preSolution
		HideSolutionNode = FALSE
	EndGlobalSection
	GlobalSection(ExtensibilityGlobals) = postSolution
		SolutionGuid = {139F10E8-9780-4AE3-BE3A-C4F84F7431DB}
	EndGlobalSection
EndGlobal
