
Microsoft Visual Studio Solution File, Format Version 12.00
# Visual Studio Version 17
VisualStudioVersion = 17.9.34622.214
MinimumVisualStudioVersion = 10.0.40219.1
Project("{FAE04EC0-301F-11D3-BF4B-00C04F79EFBC}") = "FatorialRecursivo", "FatorialRecursivo\FatorialRecursivo.csproj", "{4E072C71-BD6F-48C3-A421-836A31615F0C}"
EndProject
Global
	GlobalSection(SolutionConfigurationPlatforms) = preSolution
		Debug|Any CPU = Debug|Any CPU
		Release|Any CPU = Release|Any CPU
	EndGlobalSection
	GlobalSection(ProjectConfigurationPlatforms) = postSolution
		{4E072C71-BD6F-48C3-A421-836A31615F0C}.Debug|Any CPU.ActiveCfg = Debug|Any CPU
		{4E072C71-BD6F-48C3-A421-836A31615F0C}.Debug|Any CPU.Build.0 = Debug|Any CPU
		{4E072C71-BD6F-48C3-A421-836A31615F0C}.Release|Any CPU.ActiveCfg = Release|Any CPU
		{4E072C71-BD6F-48C3-A421-836A31615F0C}.Release|Any CPU.Build.0 = Release|Any CPU
	EndGlobalSection
	GlobalSection(SolutionProperties) = preSolution
		HideSolutionNode = FALSE
	EndGlobalSection
	GlobalSection(ExtensibilityGlobals) = postSolution
		SolutionGuid = {30B0CC97-93E5-4A50-9E0C-C8547A452F64}
	EndGlobalSection
EndGlobal
