
Microsoft Visual Studio Solution File, Format Version 12.00
# Visual Studio Version 17
VisualStudioVersion = 17.9.34622.214
MinimumVisualStudioVersion = 10.0.40219.1
Project("{FAE04EC0-301F-11D3-BF4B-00C04F79EFBC}") = "SistemaLogin", "SistemaLogin\SistemaLogin.csproj", "{F31E13B7-F183-4EF5-A2CF-B416744B2D5D}"
EndProject
Global
	GlobalSection(SolutionConfigurationPlatforms) = preSolution
		Debug|Any CPU = Debug|Any CPU
		Release|Any CPU = Release|Any CPU
	EndGlobalSection
	GlobalSection(ProjectConfigurationPlatforms) = postSolution
		{F31E13B7-F183-4EF5-A2CF-B416744B2D5D}.Debug|Any CPU.ActiveCfg = Debug|Any CPU
		{F31E13B7-F183-4EF5-A2CF-B416744B2D5D}.Debug|Any CPU.Build.0 = Debug|Any CPU
		{F31E13B7-F183-4EF5-A2CF-B416744B2D5D}.Release|Any CPU.ActiveCfg = Release|Any CPU
		{F31E13B7-F183-4EF5-A2CF-B416744B2D5D}.Release|Any CPU.Build.0 = Release|Any CPU
	EndGlobalSection
	GlobalSection(SolutionProperties) = preSolution
		HideSolutionNode = FALSE
	EndGlobalSection
	GlobalSection(ExtensibilityGlobals) = postSolution
		SolutionGuid = {2402F8F4-EFB1-4EFC-90CC-E8CC9A07FFFF}
	EndGlobalSection
EndGlobal
