
Microsoft Visual Studio Solution File, Format Version 12.00
# Visual Studio Version 16
VisualStudioVersion = 16.0.34407.143
MinimumVisualStudioVersion = 10.0.40219.1
Project("{FAE04EC0-301F-11D3-BF4B-00C04F79EFBC}") = "ExemplosLinq", "ExemplosLinq\ExemplosLinq.csproj", "{0498F117-BD5C-41DD-83B7-E2BF198A6DD8}"
EndProject
Global
	GlobalSection(SolutionConfigurationPlatforms) = preSolution
		Debug|Any CPU = Debug|Any CPU
		Release|Any CPU = Release|Any CPU
	EndGlobalSection
	GlobalSection(ProjectConfigurationPlatforms) = postSolution
		{0498F117-BD5C-41DD-83B7-E2BF198A6DD8}.Debug|Any CPU.ActiveCfg = Debug|Any CPU
		{0498F117-BD5C-41DD-83B7-E2BF198A6DD8}.Debug|Any CPU.Build.0 = Debug|Any CPU
		{0498F117-BD5C-41DD-83B7-E2BF198A6DD8}.Release|Any CPU.ActiveCfg = Release|Any CPU
		{0498F117-BD5C-41DD-83B7-E2BF198A6DD8}.Release|Any CPU.Build.0 = Release|Any CPU
	EndGlobalSection
	GlobalSection(SolutionProperties) = preSolution
		HideSolutionNode = FALSE
	EndGlobalSection
	GlobalSection(ExtensibilityGlobals) = postSolution
		SolutionGuid = {60E26158-F7B4-4EF0-B57D-6CA31A1E05CF}
	EndGlobalSection
EndGlobal
