
Microsoft Visual Studio Solution File, Format Version 12.00
# Visual Studio Version 17
VisualStudioVersion = 17.9.34622.214
MinimumVisualStudioVersion = 10.0.40219.1
Project("{FAE04EC0-301F-11D3-BF4B-00C04F79EFBC}") = "Conversao", "Conversao\Conversao.csproj", "{B92C4638-21B2-41F1-AAC2-D7096DF33AAF}"
EndProject
Global
	GlobalSection(SolutionConfigurationPlatforms) = preSolution
		Debug|Any CPU = Debug|Any CPU
		Release|Any CPU = Release|Any CPU
	EndGlobalSection
	GlobalSection(ProjectConfigurationPlatforms) = postSolution
		{B92C4638-21B2-41F1-AAC2-D7096DF33AAF}.Debug|Any CPU.ActiveCfg = Debug|Any CPU
		{B92C4638-21B2-41F1-AAC2-D7096DF33AAF}.Debug|Any CPU.Build.0 = Debug|Any CPU
		{B92C4638-21B2-41F1-AAC2-D7096DF33AAF}.Release|Any CPU.ActiveCfg = Release|Any CPU
		{B92C4638-21B2-41F1-AAC2-D7096DF33AAF}.Release|Any CPU.Build.0 = Release|Any CPU
	EndGlobalSection
	GlobalSection(SolutionProperties) = preSolution
		HideSolutionNode = FALSE
	EndGlobalSection
	GlobalSection(ExtensibilityGlobals) = postSolution
		SolutionGuid = {E4B412E5-78CD-4D57-B8FF-2C0F31939402}
	EndGlobalSection
EndGlobal
