
Microsoft Visual Studio Solution File, Format Version 12.00
# Visual Studio Version 17
VisualStudioVersion = 17.9.34622.214
MinimumVisualStudioVersion = 10.0.40219.1
Project("{FAE04EC0-301F-11D3-BF4B-00C04F79EFBC}") = "Ciclos", "Ciclos\Ciclos.csproj", "{8955467C-87C1-4669-9D77-0CCFCC85924D}"
EndProject
Global
	GlobalSection(SolutionConfigurationPlatforms) = preSolution
		Debug|Any CPU = Debug|Any CPU
		Release|Any CPU = Release|Any CPU
	EndGlobalSection
	GlobalSection(ProjectConfigurationPlatforms) = postSolution
		{8955467C-87C1-4669-9D77-0CCFCC85924D}.Debug|Any CPU.ActiveCfg = Debug|Any CPU
		{8955467C-87C1-4669-9D77-0CCFCC85924D}.Debug|Any CPU.Build.0 = Debug|Any CPU
		{8955467C-87C1-4669-9D77-0CCFCC85924D}.Release|Any CPU.ActiveCfg = Release|Any CPU
		{8955467C-87C1-4669-9D77-0CCFCC85924D}.Release|Any CPU.Build.0 = Release|Any CPU
	EndGlobalSection
	GlobalSection(SolutionProperties) = preSolution
		HideSolutionNode = FALSE
	EndGlobalSection
	GlobalSection(ExtensibilityGlobals) = postSolution
		SolutionGuid = {63DD54EB-B4C0-4B40-951F-FE2F5C374161}
	EndGlobalSection
EndGlobal
