
Microsoft Visual Studio Solution File, Format Version 12.00
# Visual Studio Version 17
VisualStudioVersion = 17.9.34622.214
MinimumVisualStudioVersion = 10.0.40219.1
Project("{FAE04EC0-301F-11D3-BF4B-00C04F79EFBC}") = "ClassesObjetos", "ClassesObjetos\ClassesObjetos.csproj", "{318B9748-7DAF-4422-8C35-6C1D920EA467}"
EndProject
Project("{FAE04EC0-301F-11D3-BF4B-00C04F79EFBC}") = "MetodosDasClasses", "MetodosDasClasses\MetodosDasClasses.csproj", "{99D2E49B-63D2-40E7-8BC2-4AE580FA65F0}"
EndProject
Project("{FAE04EC0-301F-11D3-BF4B-00C04F79EFBC}") = "TermoThis", "TermoThis\TermoThis.csproj", "{994FEFF9-5BD0-47DD-9FE5-B40B7039934E}"
EndProject
Project("{FAE04EC0-301F-11D3-BF4B-00C04F79EFBC}") = "TipoDelegate", "TipoDelegate\TipoDelegate.csproj", "{07C7097F-7EEE-4ABC-9122-E9F0F5851104}"
EndProject
Project("{FAE04EC0-301F-11D3-BF4B-00C04F79EFBC}") = "MetodoConstrutor", "MetodoConstrutor\MetodoConstrutor.csproj", "{BF680F59-E248-4703-8453-46D321F70222}"
EndProject
Project("{FAE04EC0-301F-11D3-BF4B-00C04F79EFBC}") = "Estaticas", "Estaticas\Estaticas.csproj", "{7A90F1F9-F3BA-4C4C-AB22-A7CC3D03A05B}"
EndProject
Project("{FAE04EC0-301F-11D3-BF4B-00C04F79EFBC}") = "Propriedades", "Propriedades\Propriedades.csproj", "{96A05BAE-ACEE-466E-8168-435C2953988D}"
EndProject
Project("{FAE04EC0-301F-11D3-BF4B-00C04F79EFBC}") = "Encapsular", "Encapsular\Encapsular.csproj", "{C9F1096C-FE40-45A5-AD32-1B6008CFA7CE}"
EndProject
Project("{FAE04EC0-301F-11D3-BF4B-00C04F79EFBC}") = "Heranca", "Heranca\Heranca.csproj", "{76C7B68E-A8F4-4ECF-818F-268A9A44A2AB}"
EndProject
Project("{FAE04EC0-301F-11D3-BF4B-00C04F79EFBC}") = "Modificadores", "Modificadores\Modificadores.csproj", "{5C15AF1B-9609-4DF3-9B6A-9899783DA1FD}"
EndProject
Project("{FAE04EC0-301F-11D3-BF4B-00C04F79EFBC}") = "Polimorfismo", "Polimorfismo\Polimorfismo.csproj", "{E20F2156-EB76-47A0-BCFC-DCF3C551C17A}"
EndProject
Global
	GlobalSection(SolutionConfigurationPlatforms) = preSolution
		Debug|Any CPU = Debug|Any CPU
		Release|Any CPU = Release|Any CPU
	EndGlobalSection
	GlobalSection(ProjectConfigurationPlatforms) = postSolution
		{318B9748-7DAF-4422-8C35-6C1D920EA467}.Debug|Any CPU.ActiveCfg = Debug|Any CPU
		{318B9748-7DAF-4422-8C35-6C1D920EA467}.Debug|Any CPU.Build.0 = Debug|Any CPU
		{318B9748-7DAF-4422-8C35-6C1D920EA467}.Release|Any CPU.ActiveCfg = Release|Any CPU
		{318B9748-7DAF-4422-8C35-6C1D920EA467}.Release|Any CPU.Build.0 = Release|Any CPU
		{99D2E49B-63D2-40E7-8BC2-4AE580FA65F0}.Debug|Any CPU.ActiveCfg = Debug|Any CPU
		{99D2E49B-63D2-40E7-8BC2-4AE580FA65F0}.Debug|Any CPU.Build.0 = Debug|Any CPU
		{99D2E49B-63D2-40E7-8BC2-4AE580FA65F0}.Release|Any CPU.ActiveCfg = Release|Any CPU
		{99D2E49B-63D2-40E7-8BC2-4AE580FA65F0}.Release|Any CPU.Build.0 = Release|Any CPU
		{994FEFF9-5BD0-47DD-9FE5-B40B7039934E}.Debug|Any CPU.ActiveCfg = Debug|Any CPU
		{994FEFF9-5BD0-47DD-9FE5-B40B7039934E}.Debug|Any CPU.Build.0 = Debug|Any CPU
		{994FEFF9-5BD0-47DD-9FE5-B40B7039934E}.Release|Any CPU.ActiveCfg = Release|Any CPU
		{994FEFF9-5BD0-47DD-9FE5-B40B7039934E}.Release|Any CPU.Build.0 = Release|Any CPU
		{07C7097F-7EEE-4ABC-9122-E9F0F5851104}.Debug|Any CPU.ActiveCfg = Debug|Any CPU
		{07C7097F-7EEE-4ABC-9122-E9F0F5851104}.Debug|Any CPU.Build.0 = Debug|Any CPU
		{07C7097F-7EEE-4ABC-9122-E9F0F5851104}.Release|Any CPU.ActiveCfg = Release|Any CPU
		{07C7097F-7EEE-4ABC-9122-E9F0F5851104}.Release|Any CPU.Build.0 = Release|Any CPU
		{BF680F59-E248-4703-8453-46D321F70222}.Debug|Any CPU.ActiveCfg = Debug|Any CPU
		{BF680F59-E248-4703-8453-46D321F70222}.Debug|Any CPU.Build.0 = Debug|Any CPU
		{BF680F59-E248-4703-8453-46D321F70222}.Release|Any CPU.ActiveCfg = Release|Any CPU
		{BF680F59-E248-4703-8453-46D321F70222}.Release|Any CPU.Build.0 = Release|Any CPU
		{7A90F1F9-F3BA-4C4C-AB22-A7CC3D03A05B}.Debug|Any CPU.ActiveCfg = Debug|Any CPU
		{7A90F1F9-F3BA-4C4C-AB22-A7CC3D03A05B}.Debug|Any CPU.Build.0 = Debug|Any CPU
		{7A90F1F9-F3BA-4C4C-AB22-A7CC3D03A05B}.Release|Any CPU.ActiveCfg = Release|Any CPU
		{7A90F1F9-F3BA-4C4C-AB22-A7CC3D03A05B}.Release|Any CPU.Build.0 = Release|Any CPU
		{96A05BAE-ACEE-466E-8168-435C2953988D}.Debug|Any CPU.ActiveCfg = Debug|Any CPU
		{96A05BAE-ACEE-466E-8168-435C2953988D}.Debug|Any CPU.Build.0 = Debug|Any CPU
		{96A05BAE-ACEE-466E-8168-435C2953988D}.Release|Any CPU.ActiveCfg = Release|Any CPU
		{96A05BAE-ACEE-466E-8168-435C2953988D}.Release|Any CPU.Build.0 = Release|Any CPU
		{C9F1096C-FE40-45A5-AD32-1B6008CFA7CE}.Debug|Any CPU.ActiveCfg = Debug|Any CPU
		{C9F1096C-FE40-45A5-AD32-1B6008CFA7CE}.Debug|Any CPU.Build.0 = Debug|Any CPU
		{C9F1096C-FE40-45A5-AD32-1B6008CFA7CE}.Release|Any CPU.ActiveCfg = Release|Any CPU
		{C9F1096C-FE40-45A5-AD32-1B6008CFA7CE}.Release|Any CPU.Build.0 = Release|Any CPU
		{76C7B68E-A8F4-4ECF-818F-268A9A44A2AB}.Debug|Any CPU.ActiveCfg = Debug|Any CPU
		{76C7B68E-A8F4-4ECF-818F-268A9A44A2AB}.Debug|Any CPU.Build.0 = Debug|Any CPU
		{76C7B68E-A8F4-4ECF-818F-268A9A44A2AB}.Release|Any CPU.ActiveCfg = Release|Any CPU
		{76C7B68E-A8F4-4ECF-818F-268A9A44A2AB}.Release|Any CPU.Build.0 = Release|Any CPU
		{5C15AF1B-9609-4DF3-9B6A-9899783DA1FD}.Debug|Any CPU.ActiveCfg = Debug|Any CPU
		{5C15AF1B-9609-4DF3-9B6A-9899783DA1FD}.Debug|Any CPU.Build.0 = Debug|Any CPU
		{5C15AF1B-9609-4DF3-9B6A-9899783DA1FD}.Release|Any CPU.ActiveCfg = Release|Any CPU
		{5C15AF1B-9609-4DF3-9B6A-9899783DA1FD}.Release|Any CPU.Build.0 = Release|Any CPU
		{E20F2156-EB76-47A0-BCFC-DCF3C551C17A}.Debug|Any CPU.ActiveCfg = Debug|Any CPU
		{E20F2156-EB76-47A0-BCFC-DCF3C551C17A}.Debug|Any CPU.Build.0 = Debug|Any CPU
		{E20F2156-EB76-47A0-BCFC-DCF3C551C17A}.Release|Any CPU.ActiveCfg = Release|Any CPU
		{E20F2156-EB76-47A0-BCFC-DCF3C551C17A}.Release|Any CPU.Build.0 = Release|Any CPU
	EndGlobalSection
	GlobalSection(SolutionProperties) = preSolution
		HideSolutionNode = FALSE
	EndGlobalSection
	GlobalSection(ExtensibilityGlobals) = postSolution
		SolutionGuid = {0685F818-8455-4246-B422-1A8EA9D7A04E}
	EndGlobalSection
EndGlobal
